
Microsoft Visual Studio Solution File, Format Version 12.00
# Visual Studio Version 16
VisualStudioVersion = 16.0.31410.357
MinimumVisualStudioVersion = 10.0.40219.1
Project("{FAE04EC0-301F-11D3-BF4B-00C04F79EFBC}") = "Sorbo Assignment 6", "Sorbo Assignment 6.csproj", "{31681EA9-DE1A-4571-9128-028FF8C296F7}"
EndProject
Global
	GlobalSection(SolutionConfigurationPlatforms) = preSolution
		Debug|Any CPU = Debug|Any CPU
		Release|Any CPU = Release|Any CPU
	EndGlobalSection
	GlobalSection(ProjectConfigurationPlatforms) = postSolution
		{31681EA9-DE1A-4571-9128-028FF8C296F7}.Debug|Any CPU.ActiveCfg = Debug|Any CPU
		{31681EA9-DE1A-4571-9128-028FF8C296F7}.Debug|Any CPU.Build.0 = Debug|Any CPU
		{31681EA9-DE1A-4571-9128-028FF8C296F7}.Release|Any CPU.ActiveCfg = Release|Any CPU
		{31681EA9-DE1A-4571-9128-028FF8C296F7}.Release|Any CPU.Build.0 = Release|Any CPU
	EndGlobalSection
	GlobalSection(SolutionProperties) = preSolution
		HideSolutionNode = FALSE
	EndGlobalSection
	GlobalSection(ExtensibilityGlobals) = postSolution
		SolutionGuid = {E7F468B7-6989-4B4E-B1A6-2B79E4570832}
	EndGlobalSection
EndGlobal
